// !$*UTF8*$!
{
	archiveVersion = 1;
	classes = {
	};
	objectVersion = 56;
	objects = {

/* Begin PBXBuildFile section */
		0010EEF12A744F34000E1098 /* vertical_endeavorsApp.swift in Sources */ = {isa = PBXBuildFile; fileRef = 0010EEF02A744F34000E1098 /* vertical_endeavorsApp.swift */; };
		0010EEF32A744F34000E1098 /* ContentView.swift in Sources */ = {isa = PBXBuildFile; fileRef = 0010EEF22A744F34000E1098 /* ContentView.swift */; };
		0010EEF52A744F36000E1098 /* Assets.xcassets in Resources */ = {isa = PBXBuildFile; fileRef = 0010EEF42A744F36000E1098 /* Assets.xcassets */; };
		0010EEF82A744F36000E1098 /* Preview Assets.xcassets in Resources */ = {isa = PBXBuildFile; fileRef = 0010EEF72A744F36000E1098 /* Preview Assets.xcassets */; };
		0010EEFA2A744F36000E1098 /* Persistence.swift in Sources */ = {isa = PBXBuildFile; fileRef = 0010EEF92A744F36000E1098 /* Persistence.swift */; };
		0010EEFD2A744F36000E1098 /* vertical_endeavors.xcdatamodeld in Sources */ = {isa = PBXBuildFile; fileRef = 0010EEFB2A744F36000E1098 /* vertical_endeavors.xcdatamodeld */; };
		0010EF072A744F36000E1098 /* vertical_endeavorsTests.swift in Sources */ = {isa = PBXBuildFile; fileRef = 0010EF062A744F36000E1098 /* vertical_endeavorsTests.swift */; };
		0010EF112A744F36000E1098 /* vertical_endeavorsUITests.swift in Sources */ = {isa = PBXBuildFile; fileRef = 0010EF102A744F36000E1098 /* vertical_endeavorsUITests.swift */; };
		0010EF132A744F36000E1098 /* vertical_endeavorsUITestsLaunchTests.swift in Sources */ = {isa = PBXBuildFile; fileRef = 0010EF122A744F36000E1098 /* vertical_endeavorsUITestsLaunchTests.swift */; };
/* End PBXBuildFile section */

/* Begin PBXContainerItemProxy section */
		0010EF032A744F36000E1098 /* PBXContainerItemProxy */ = {
			isa = PBXContainerItemProxy;
			containerPortal = 0010EEE52A744F34000E1098 /* Project object */;
			proxyType = 1;
			remoteGlobalIDString = 0010EEEC2A744F34000E1098;
			remoteInfo = "vertical-endeavors";
		};
		0010EF0D2A744F36000E1098 /* PBXContainerItemProxy */ = {
			isa = PBXContainerItemProxy;
			containerPortal = 0010EEE52A744F34000E1098 /* Project object */;
			proxyType = 1;
			remoteGlobalIDString = 0010EEEC2A744F34000E1098;
			remoteInfo = "vertical-endeavors";
		};
/* End PBXContainerItemProxy section */

/* Begin PBXFileReference section */
		0010EEED2A744F34000E1098 /* vertical-endeavors.app */ = {isa = PBXFileReference; explicitFileType = wrapper.application; includeInIndex = 0; path = "vertical-endeavors.app"; sourceTree = BUILT_PRODUCTS_DIR; };
		0010EEF02A744F34000E1098 /* vertical_endeavorsApp.swift */ = {isa = PBXFileReference; lastKnownFileType = sourcecode.swift; path = vertical_endeavorsApp.swift; sourceTree = "<group>"; };
		0010EEF22A744F34000E1098 /* ContentView.swift */ = {isa = PBXFileReference; lastKnownFileType = sourcecode.swift; path = ContentView.swift; sourceTree = "<group>"; };
		0010EEF42A744F36000E1098 /* Assets.xcassets */ = {isa = PBXFileReference; lastKnownFileType = folder.assetcatalog; path = Assets.xcassets; sourceTree = "<group>"; };
		0010EEF72A744F36000E1098 /* Preview Assets.xcassets */ = {isa = PBXFileReference; lastKnownFileType = folder.assetcatalog; path = "Preview Assets.xcassets"; sourceTree = "<group>"; };
		0010EEF92A744F36000E1098 /* Persistence.swift */ = {isa = PBXFileReference; lastKnownFileType = sourcecode.swift; path = Persistence.swift; sourceTree = "<group>"; };
		0010EEFC2A744F36000E1098 /* vertical_endeavors.xcdatamodel */ = {isa = PBXFileReference; lastKnownFileType = wrapper.xcdatamodel; path = vertical_endeavors.xcdatamodel; sourceTree = "<group>"; };
		0010EF022A744F36000E1098 /* vertical-endeavorsTests.xctest */ = {isa = PBXFileReference; explicitFileType = wrapper.cfbundle; includeInIndex = 0; path = "vertical-endeavorsTests.xctest"; sourceTree = BUILT_PRODUCTS_DIR; };
		0010EF062A744F36000E1098 /* vertical_endeavorsTests.swift */ = {isa = PBXFileReference; lastKnownFileType = sourcecode.swift; path = vertical_endeavorsTests.swift; sourceTree = "<group>"; };
		0010EF0C2A744F36000E1098 /* vertical-endeavorsUITests.xctest */ = {isa = PBXFileReference; explicitFileType = wrapper.cfbundle; includeInIndex = 0; path = "vertical-endeavorsUITests.xctest"; sourceTree = BUILT_PRODUCTS_DIR; };
		0010EF102A744F36000E1098 /* vertical_endeavorsUITests.swift */ = {isa = PBXFileReference; lastKnownFileType = sourcecode.swift; path = vertical_endeavorsUITests.swift; sourceTree = "<group>"; };
		0010EF122A744F36000E1098 /* vertical_endeavorsUITestsLaunchTests.swift */ = {isa = PBXFileReference; lastKnownFileType = sourcecode.swift; path = vertical_endeavorsUITestsLaunchTests.swift; sourceTree = "<group>"; };
/* End PBXFileReference section */

/* Begin PBXFrameworksBuildPhase section */
		0010EEEA2A744F34000E1098 /* Frameworks */ = {
			isa = PBXFrameworksBuildPhase;
			buildActionMask = 2147483647;
			files = (
			);
			runOnlyForDeploymentPostprocessing = 0;
		};
		0010EEFF2A744F36000E1098 /* Frameworks */ = {
			isa = PBXFrameworksBuildPhase;
			buildActionMask = 2147483647;
			files = (
			);
			runOnlyForDeploymentPostprocessing = 0;
		};
		0010EF092A744F36000E1098 /* Frameworks */ = {
			isa = PBXFrameworksBuildPhase;
			buildActionMask = 2147483647;
			files = (
			);
			runOnlyForDeploymentPostprocessing = 0;
		};
/* End PBXFrameworksBuildPhase section */

/* Begin PBXGroup section */
		0010EEE42A744F34000E1098 = {
			isa = PBXGroup;
			children = (
				0010EEEF2A744F34000E1098 /* vertical-endeavors */,
				0010EF052A744F36000E1098 /* vertical-endeavorsTests */,
				0010EF0F2A744F36000E1098 /* vertical-endeavorsUITests */,
				0010EEEE2A744F34000E1098 /* Products */,
			);
			sourceTree = "<group>";
		};
		0010EEEE2A744F34000E1098 /* Products */ = {
			isa = PBXGroup;
			children = (
				0010EEED2A744F34000E1098 /* vertical-endeavors.app */,
				0010EF022A744F36000E1098 /* vertical-endeavorsTests.xctest */,
				0010EF0C2A744F36000E1098 /* vertical-endeavorsUITests.xctest */,
			);
			name = Products;
			sourceTree = "<group>";
		};
		0010EEEF2A744F34000E1098 /* vertical-endeavors */ = {
			isa = PBXGroup;
			children = (
				0010EEF02A744F34000E1098 /* vertical_endeavorsApp.swift */,
				0010EEF22A744F34000E1098 /* ContentView.swift */,
				0010EEF42A744F36000E1098 /* Assets.xcassets */,
				0010EEF92A744F36000E1098 /* Persistence.swift */,
				0010EEFB2A744F36000E1098 /* vertical_endeavors.xcdatamodeld */,
				0010EEF62A744F36000E1098 /* Preview Content */,
			);
			path = "vertical-endeavors";
			sourceTree = "<group>";
		};
		0010EEF62A744F36000E1098 /* Preview Content */ = {
			isa = PBXGroup;
			children = (
				0010EEF72A744F36000E1098 /* Preview Assets.xcassets */,
			);
			path = "Preview Content";
			sourceTree = "<group>";
		};
		0010EF052A744F36000E1098 /* vertical-endeavorsTests */ = {
			isa = PBXGroup;
			children = (
				0010EF062A744F36000E1098 /* vertical_endeavorsTests.swift */,
			);
			path = "vertical-endeavorsTests";
			sourceTree = "<group>";
		};
		0010EF0F2A744F36000E1098 /* vertical-endeavorsUITests */ = {
			isa = PBXGroup;
			children = (
				0010EF102A744F36000E1098 /* vertical_endeavorsUITests.swift */,
				0010EF122A744F36000E1098 /* vertical_endeavorsUITestsLaunchTests.swift */,
			);
			path = "vertical-endeavorsUITests";
			sourceTree = "<group>";
		};
/* End PBXGroup section */

/* Begin PBXNativeTarget section */
		0010EEEC2A744F34000E1098 /* vertical-endeavors */ = {
			isa = PBXNativeTarget;
			buildConfigurationList = 0010EF162A744F36000E1098 /* Build configuration list for PBXNativeTarget "vertical-endeavors" */;
			buildPhases = (
				0010EEE92A744F34000E1098 /* Sources */,
				0010EEEA2A744F34000E1098 /* Frameworks */,
				0010EEEB2A744F34000E1098 /* Resources */,
			);
			buildRules = (
			);
			dependencies = (
			);
			name = "vertical-endeavors";
			productName = "vertical-endeavors";
			productReference = 0010EEED2A744F34000E1098 /* vertical-endeavors.app */;
			productType = "com.apple.product-type.application";
		};
		0010EF012A744F36000E1098 /* vertical-endeavorsTests */ = {
			isa = PBXNativeTarget;
			buildConfigurationList = 0010EF192A744F36000E1098 /* Build configuration list for PBXNativeTarget "vertical-endeavorsTests" */;
			buildPhases = (
				0010EEFE2A744F36000E1098 /* Sources */,
				0010EEFF2A744F36000E1098 /* Frameworks */,
				0010EF002A744F36000E1098 /* Resources */,
			);
			buildRules = (
			);
			dependencies = (
				0010EF042A744F36000E1098 /* PBXTargetDependency */,
			);
			name = "vertical-endeavorsTests";
			productName = "vertical-endeavorsTests";
			productReference = 0010EF022A744F36000E1098 /* vertical-endeavorsTests.xctest */;
			productType = "com.apple.product-type.bundle.unit-test";
		};
		0010EF0B2A744F36000E1098 /* vertical-endeavorsUITests */ = {
			isa = PBXNativeTarget;
			buildConfigurationList = 0010EF1C2A744F36000E1098 /* Build configuration list for PBXNativeTarget "vertical-endeavorsUITests" */;
			buildPhases = (
				0010EF082A744F36000E1098 /* Sources */,
				0010EF092A744F36000E1098 /* Frameworks */,
				0010EF0A2A744F36000E1098 /* Resources */,
			);
			buildRules = (
			);
			dependencies = (
				0010EF0E2A744F36000E1098 /* PBXTargetDependency */,
			);
			name = "vertical-endeavorsUITests";
			productName = "vertical-endeavorsUITests";
			productReference = 0010EF0C2A744F36000E1098 /* vertical-endeavorsUITests.xctest */;
			productType = "com.apple.product-type.bundle.ui-testing";
		};
/* End PBXNativeTarget section */

/* Begin PBXProject section */
		0010EEE52A744F34000E1098 /* Project object */ = {
			isa = PBXProject;
			attributes = {
				BuildIndependentTargetsInParallel = 1;
				LastSwiftUpdateCheck = 1420;
				LastUpgradeCheck = 1420;
				TargetAttributes = {
					0010EEEC2A744F34000E1098 = {
						CreatedOnToolsVersion = 14.2;
					};
					0010EF012A744F36000E1098 = {
						CreatedOnToolsVersion = 14.2;
						TestTargetID = 0010EEEC2A744F34000E1098;
					};
					0010EF0B2A744F36000E1098 = {
						CreatedOnToolsVersion = 14.2;
						TestTargetID = 0010EEEC2A744F34000E1098;
					};
				};
			};
			buildConfigurationList = 0010EEE82A744F34000E1098 /* Build configuration list for PBXProject "vertical-endeavors" */;
			compatibilityVersion = "Xcode 14.0";
			developmentRegion = en;
			hasScannedForEncodings = 0;
			knownRegions = (
				en,
				Base,
			);
			mainGroup = 0010EEE42A744F34000E1098;
			productRefGroup = 0010EEEE2A744F34000E1098 /* Products */;
			projectDirPath = "";
			projectRoot = "";
			targets = (
				0010EEEC2A744F34000E1098 /* vertical-endeavors */,
				0010EF012A744F36000E1098 /* vertical-endeavorsTests */,
				0010EF0B2A744F36000E1098 /* vertical-endeavorsUITests */,
			);
		};
/* End PBXProject section */

/* Begin PBXResourcesBuildPhase section */
		0010EEEB2A744F34000E1098 /* Resources */ = {
			isa = PBXResourcesBuildPhase;
			buildActionMask = 2147483647;
			files = (
				0010EEF82A744F36000E1098 /* Preview Assets.xcassets in Resources */,
				0010EEF52A744F36000E1098 /* Assets.xcassets in Resources */,
			);
			runOnlyForDeploymentPostprocessing = 0;
		};
		0010EF002A744F36000E1098 /* Resources */ = {
			isa = PBXResourcesBuildPhase;
			buildActionMask = 2147483647;
			files = (
			);
			runOnlyForDeploymentPostprocessing = 0;
		};
		0010EF0A2A744F36000E1098 /* Resources */ = {
			isa = PBXResourcesBuildPhase;
			buildActionMask = 2147483647;
			files = (
			);
			runOnlyForDeploymentPostprocessing = 0;
		};
/* End PBXResourcesBuildPhase section */

/* Begin PBXSourcesBuildPhase section */
		0010EEE92A744F34000E1098 /* Sources */ = {
			isa = PBXSourcesBuildPhase;
			buildActionMask = 2147483647;
			files = (
				0010EEFA2A744F36000E1098 /* Persistence.swift in Sources */,
				0010EEF32A744F34000E1098 /* ContentView.swift in Sources */,
				0010EEF12A744F34000E1098 /* vertical_endeavorsApp.swift in Sources */,
				0010EEFD2A744F36000E1098 /* vertical_endeavors.xcdatamodeld in Sources */,
			);
			runOnlyForDeploymentPostprocessing = 0;
		};
		0010EEFE2A744F36000E1098 /* Sources */ = {
			isa = PBXSourcesBuildPhase;
			buildActionMask = 2147483647;
			files = (
				0010EF072A744F36000E1098 /* vertical_endeavorsTests.swift in Sources */,
			);
			runOnlyForDeploymentPostprocessing = 0;
		};
		0010EF082A744F36000E1098 /* Sources */ = {
			isa = PBXSourcesBuildPhase;
			buildActionMask = 2147483647;
			files = (
				0010EF132A744F36000E1098 /* vertical_endeavorsUITestsLaunchTests.swift in Sources */,
				0010EF112A744F36000E1098 /* vertical_endeavorsUITests.swift in Sources */,
			);
			runOnlyForDeploymentPostprocessing = 0;
		};
/* End PBXSourcesBuildPhase section */

/* Begin PBXTargetDependency section */
		0010EF042A744F36000E1098 /* PBXTargetDependency */ = {
			isa = PBXTargetDependency;
			target = 0010EEEC2A744F34000E1098 /* vertical-endeavors */;
			targetProxy = 0010EF032A744F36000E1098 /* PBXContainerItemProxy */;
		};
		0010EF0E2A744F36000E1098 /* PBXTargetDependency */ = {
			isa = PBXTargetDependency;
			target = 0010EEEC2A744F34000E1098 /* vertical-endeavors */;
			targetProxy = 0010EF0D2A744F36000E1098 /* PBXContainerItemProxy */;
		};
/* End PBXTargetDependency section */

/* Begin XCBuildConfiguration section */
		0010EF142A744F36000E1098 /* Debug */ = {
			isa = XCBuildConfiguration;
			buildSettings = {
				ALWAYS_SEARCH_USER_PATHS = NO;
				CLANG_ANALYZER_NONNULL = YES;
				CLANG_ANALYZER_NUMBER_OBJECT_CONVERSION = YES_AGGRESSIVE;
				CLANG_CXX_LANGUAGE_STANDARD = "gnu++20";
				CLANG_ENABLE_MODULES = YES;
				CLANG_ENABLE_OBJC_ARC = YES;
				CLANG_ENABLE_OBJC_WEAK = YES;
				CLANG_WARN_BLOCK_CAPTURE_AUTORELEASING = YES;
				CLANG_WARN_BOOL_CONVERSION = YES;
				CLANG_WARN_COMMA = YES;
				CLANG_WARN_CONSTANT_CONVERSION = YES;
				CLANG_WARN_DEPRECATED_OBJC_IMPLEMENTATIONS = YES;
				CLANG_WARN_DIRECT_OBJC_ISA_USAGE = YES_ERROR;
				CLANG_WARN_DOCUMENTATION_COMMENTS = YES;
				CLANG_WARN_EMPTY_BODY = YES;
				CLANG_WARN_ENUM_CONVERSION = YES;
				CLANG_WARN_INFINITE_RECURSION = YES;
				CLANG_WARN_INT_CONVERSION = YES;
				CLANG_WARN_NON_LITERAL_NULL_CONVERSION = YES;
				CLANG_WARN_OBJC_IMPLICIT_RETAIN_SELF = YES;
				CLANG_WARN_OBJC_LITERAL_CONVERSION = YES;
				CLANG_WARN_OBJC_ROOT_CLASS = YES_ERROR;
				CLANG_WARN_QUOTED_INCLUDE_IN_FRAMEWORK_HEADER = YES;
				CLANG_WARN_RANGE_LOOP_ANALYSIS = YES;
				CLANG_WARN_STRICT_PROTOTYPES = YES;
				CLANG_WARN_SUSPICIOUS_MOVE = YES;
				CLANG_WARN_UNGUARDED_AVAILABILITY = YES_AGGRESSIVE;
				CLANG_WARN_UNREACHABLE_CODE = YES;
				CLANG_WARN__DUPLICATE_METHOD_MATCH = YES;
				COPY_PHASE_STRIP = NO;
				DEBUG_INFORMATION_FORMAT = dwarf;
				ENABLE_STRICT_OBJC_MSGSEND = YES;
				ENABLE_TESTABILITY = YES;
				GCC_C_LANGUAGE_STANDARD = gnu11;
				GCC_DYNAMIC_NO_PIC = NO;
				GCC_NO_COMMON_BLOCKS = YES;
				GCC_OPTIMIZATION_LEVEL = 0;
				GCC_PREPROCESSOR_DEFINITIONS = (
					"DEBUG=1",
					"$(inherited)",
				);
				GCC_WARN_64_TO_32_BIT_CONVERSION = YES;
				GCC_WARN_ABOUT_RETURN_TYPE = YES_ERROR;
				GCC_WARN_UNDECLARED_SELECTOR = YES;
				GCC_WARN_UNINITIALIZED_AUTOS = YES_AGGRESSIVE;
				GCC_WARN_UNUSED_FUNCTION = YES;
				GCC_WARN_UNUSED_VARIABLE = YES;
				IPHONEOS_DEPLOYMENT_TARGET = 16.2;
				MTL_ENABLE_DEBUG_INFO = INCLUDE_SOURCE;
				MTL_FAST_MATH = YES;
				ONLY_ACTIVE_ARCH = YES;
				SDKROOT = iphoneos;
				SWIFT_ACTIVE_COMPILATION_CONDITIONS = DEBUG;
				SWIFT_OPTIMIZATION_LEVEL = "-Onone";
			};
			name = Debug;
		};
		0010EF152A744F36000E1098 /* Release */ = {
			isa = XCBuildConfiguration;
			buildSettings = {
				ALWAYS_SEARCH_USER_PATHS = NO;
				CLANG_ANALYZER_NONNULL = YES;
				CLANG_ANALYZER_NUMBER_OBJECT_CONVERSION = YES_AGGRESSIVE;
				CLANG_CXX_LANGUAGE_STANDARD = "gnu++20";
				CLANG_ENABLE_MODULES = YES;
				CLANG_ENABLE_OBJC_ARC = YES;
				CLANG_ENABLE_OBJC_WEAK = YES;
				CLANG_WARN_BLOCK_CAPTURE_AUTORELEASING = YES;
				CLANG_WARN_BOOL_CONVERSION = YES;
				CLANG_WARN_COMMA = YES;
				CLANG_WARN_CONSTANT_CONVERSION = YES;
				CLANG_WARN_DEPRECATED_OBJC_IMPLEMENTATIONS = YES;
				CLANG_WARN_DIRECT_OBJC_ISA_USAGE = YES_ERROR;
				CLANG_WARN_DOCUMENTATION_COMMENTS = YES;
				CLANG_WARN_EMPTY_BODY = YES;
				CLANG_WARN_ENUM_CONVERSION = YES;
				CLANG_WARN_INFINITE_RECURSION = YES;
				CLANG_WARN_INT_CONVERSION = YES;
				CLANG_WARN_NON_LITERAL_NULL_CONVERSION = YES;
				CLANG_WARN_OBJC_IMPLICIT_RETAIN_SELF = YES;
				CLANG_WARN_OBJC_LITERAL_CONVERSION = YES;
				CLANG_WARN_OBJC_ROOT_CLASS = YES_ERROR;
				CLANG_WARN_QUOTED_INCLUDE_IN_FRAMEWORK_HEADER = YES;
				CLANG_WARN_RANGE_LOOP_ANALYSIS = YES;
				CLANG_WARN_STRICT_PROTOTYPES = YES;
				CLANG_WARN_SUSPICIOUS_MOVE = YES;
				CLANG_WARN_UNGUARDED_AVAILABILITY = YES_AGGRESSIVE;
				CLANG_WARN_UNREACHABLE_CODE = YES;
				CLANG_WARN__DUPLICATE_METHOD_MATCH = YES;
				COPY_PHASE_STRIP = NO;
				DEBUG_INFORMATION_FORMAT = "dwarf-with-dsym";
				ENABLE_NS_ASSERTIONS = NO;
				ENABLE_STRICT_OBJC_MSGSEND = YES;
				GCC_C_LANGUAGE_STANDARD = gnu11;
				GCC_NO_COMMON_BLOCKS = YES;
				GCC_WARN_64_TO_32_BIT_CONVERSION = YES;
				GCC_WARN_ABOUT_RETURN_TYPE = YES_ERROR;
				GCC_WARN_UNDECLARED_SELECTOR = YES;
				GCC_WARN_UNINITIALIZED_AUTOS = YES_AGGRESSIVE;
				GCC_WARN_UNUSED_FUNCTION = YES;
				GCC_WARN_UNUSED_VARIABLE = YES;
				IPHONEOS_DEPLOYMENT_TARGET = 16.2;
				MTL_ENABLE_DEBUG_INFO = NO;
				MTL_FAST_MATH = YES;
				SDKROOT = iphoneos;
				SWIFT_COMPILATION_MODE = wholemodule;
				SWIFT_OPTIMIZATION_LEVEL = "-O";
				VALIDATE_PRODUCT = YES;
			};
			name = Release;
		};
		0010EF172A744F36000E1098 /* Debug */ = {
			isa = XCBuildConfiguration;
			buildSettings = {
				ASSETCATALOG_COMPILER_APPICON_NAME = AppIcon;
				ASSETCATALOG_COMPILER_GLOBAL_ACCENT_COLOR_NAME = AccentColor;
				CODE_SIGN_STYLE = Automatic;
				CURRENT_PROJECT_VERSION = 1;
				DEVELOPMENT_ASSET_PATHS = "\"vertical-endeavors/Preview Content\"";
				DEVELOPMENT_TEAM = QCHJWXH5BM;
				ENABLE_PREVIEWS = YES;
				GENERATE_INFOPLIST_FILE = YES;
				INFOPLIST_KEY_UIApplicationSceneManifest_Generation = YES;
				INFOPLIST_KEY_UIApplicationSupportsIndirectInputEvents = YES;
				INFOPLIST_KEY_UILaunchScreen_Generation = YES;
				INFOPLIST_KEY_UISupportedInterfaceOrientations_iPad = "UIInterfaceOrientationPortrait UIInterfaceOrientationPortraitUpsideDown UIInterfaceOrientationLandscapeLeft UIInterfaceOrientationLandscapeRight";
				INFOPLIST_KEY_UISupportedInterfaceOrientations_iPhone = "UIInterfaceOrientationPortrait UIInterfaceOrientationLandscapeLeft UIInterfaceOrientationLandscapeRight";
				LD_RUNPATH_SEARCH_PATHS = (
					"$(inherited)",
					"@executable_path/Frameworks",
				);
				MARKETING_VERSION = 1.0;
				PRODUCT_BUNDLE_IDENTIFIER = "com.slypuffin.vertical-endeavors";
				PRODUCT_NAME = "$(TARGET_NAME)";
				SWIFT_EMIT_LOC_STRINGS = YES;
				SWIFT_VERSION = 5.0;
				TARGETED_DEVICE_FAMILY = "1,2";
			};
			name = Debug;
		};
		0010EF182A744F36000E1098 /* Release */ = {
			isa = XCBuildConfiguration;
			buildSettings = {
				ASSETCATALOG_COMPILER_APPICON_NAME = AppIcon;
				ASSETCATALOG_COMPILER_GLOBAL_ACCENT_COLOR_NAME = AccentColor;
				CODE_SIGN_STYLE = Automatic;
				CURRENT_PROJECT_VERSION = 1;
				DEVELOPMENT_ASSET_PATHS = "\"vertical-endeavors/Preview Content\"";
				DEVELOPMENT_TEAM = QCHJWXH5BM;
				ENABLE_PREVIEWS = YES;
				GENERATE_INFOPLIST_FILE = YES;
				INFOPLIST_KEY_UIApplicationSceneManifest_Generation = YES;
				INFOPLIST_KEY_UIApplicationSupportsIndirectInputEvents = YES;
				INFOPLIST_KEY_UILaunchScreen_Generation = YES;
				INFOPLIST_KEY_UISupportedInterfaceOrientations_iPad = "UIInterfaceOrientationPortrait UIInterfaceOrientationPortraitUpsideDown UIInterfaceOrientationLandscapeLeft UIInterfaceOrientationLandscapeRight";
				INFOPLIST_KEY_UISupportedInterfaceOrientations_iPhone = "UIInterfaceOrientationPortrait UIInterfaceOrientationLandscapeLeft UIInterfaceOrientationLandscapeRight";
				LD_RUNPATH_SEARCH_PATHS = (
					"$(inherited)",
					"@executable_path/Frameworks",
				);
				MARKETING_VERSION = 1.0;
				PRODUCT_BUNDLE_IDENTIFIER = "com.slypuffin.vertical-endeavors";
				PRODUCT_NAME = "$(TARGET_NAME)";
				SWIFT_EMIT_LOC_STRINGS = YES;
				SWIFT_VERSION = 5.0;
				TARGETED_DEVICE_FAMILY = "1,2";
			};
			name = Release;
		};
		0010EF1A2A744F36000E1098 /* Debug */ = {
			isa = XCBuildConfiguration;
			buildSettings = {
				ALWAYS_EMBED_SWIFT_STANDARD_LIBRARIES = YES;
				BUNDLE_LOADER = "$(TEST_HOST)";
				CODE_SIGN_STYLE = Automatic;
				CURRENT_PROJECT_VERSION = 1;
				DEVELOPMENT_TEAM = QCHJWXH5BM;
				GENERATE_INFOPLIST_FILE = YES;
				IPHONEOS_DEPLOYMENT_TARGET = 16.2;
				MARKETING_VERSION = 1.0;
				PRODUCT_BUNDLE_IDENTIFIER = "com.slypuffin.vertical-endeavorsTests";
				PRODUCT_NAME = "$(TARGET_NAME)";
				SWIFT_EMIT_LOC_STRINGS = NO;
				SWIFT_VERSION = 5.0;
				TARGETED_DEVICE_FAMILY = "1,2";
				TEST_HOST = "$(BUILT_PRODUCTS_DIR)/vertical-endeavors.app/$(BUNDLE_EXECUTABLE_FOLDER_PATH)/vertical-endeavors";
			};
			name = Debug;
		};
		0010EF1B2A744F36000E1098 /* Release */ = {
			isa = XCBuildConfiguration;
			buildSettings = {
				ALWAYS_EMBED_SWIFT_STANDARD_LIBRARIES = YES;
				BUNDLE_LOADER = "$(TEST_HOST)";
				CODE_SIGN_STYLE = Automatic;
				CURRENT_PROJECT_VERSION = 1;
				DEVELOPMENT_TEAM = QCHJWXH5BM;
				GENERATE_INFOPLIST_FILE = YES;
				IPHONEOS_DEPLOYMENT_TARGET = 16.2;
				MARKETING_VERSION = 1.0;
				PRODUCT_BUNDLE_IDENTIFIER = "com.slypuffin.vertical-endeavorsTests";
				PRODUCT_NAME = "$(TARGET_NAME)";
				SWIFT_EMIT_LOC_STRINGS = NO;
				SWIFT_VERSION = 5.0;
				TARGETED_DEVICE_FAMILY = "1,2";
				TEST_HOST = "$(BUILT_PRODUCTS_DIR)/vertical-endeavors.app/$(BUNDLE_EXECUTABLE_FOLDER_PATH)/vertical-endeavors";
			};
			name = Release;
		};
		0010EF1D2A744F36000E1098 /* Debug */ = {
			isa = XCBuildConfiguration;
			buildSettings = {
				ALWAYS_EMBED_SWIFT_STANDARD_LIBRARIES = YES;
				CODE_SIGN_STYLE = Automatic;
				CURRENT_PROJECT_VERSION = 1;
				DEVELOPMENT_TEAM = QCHJWXH5BM;
				GENERATE_INFOPLIST_FILE = YES;
				MARKETING_VERSION = 1.0;
				PRODUCT_BUNDLE_IDENTIFIER = "com.slypuffin.vertical-endeavorsUITests";
				PRODUCT_NAME = "$(TARGET_NAME)";
				SWIFT_EMIT_LOC_STRINGS = NO;
				SWIFT_VERSION = 5.0;
				TARGETED_DEVICE_FAMILY = "1,2";
				TEST_TARGET_NAME = "vertical-endeavors";
			};
			name = Debug;
		};
		0010EF1E2A744F36000E1098 /* Release */ = {
			isa = XCBuildConfiguration;
			buildSettings = {
				ALWAYS_EMBED_SWIFT_STANDARD_LIBRARIES = YES;
				CODE_SIGN_STYLE = Automatic;
				CURRENT_PROJECT_VERSION = 1;
				DEVELOPMENT_TEAM = QCHJWXH5BM;
				GENERATE_INFOPLIST_FILE = YES;
				MARKETING_VERSION = 1.0;
				PRODUCT_BUNDLE_IDENTIFIER = "com.slypuffin.vertical-endeavorsUITests";
				PRODUCT_NAME = "$(TARGET_NAME)";
				SWIFT_EMIT_LOC_STRINGS = NO;
				SWIFT_VERSION = 5.0;
				TARGETED_DEVICE_FAMILY = "1,2";
				TEST_TARGET_NAME = "vertical-endeavors";
			};
			name = Release;
		};
/* End XCBuildConfiguration section */

/* Begin XCConfigurationList section */
		0010EEE82A744F34000E1098 /* Build configuration list for PBXProject "vertical-endeavors" */ = {
			isa = XCConfigurationList;
			buildConfigurations = (
				0010EF142A744F36000E1098 /* Debug */,
				0010EF152A744F36000E1098 /* Release */,
			);
			defaultConfigurationIsVisible = 0;
			defaultConfigurationName = Release;
		};
		0010EF162A744F36000E1098 /* Build configuration list for PBXNativeTarget "vertical-endeavors" */ = {
			isa = XCConfigurationList;
			buildConfigurations = (
				0010EF172A744F36000E1098 /* Debug */,
				0010EF182A744F36000E1098 /* Release */,
			);
			defaultConfigurationIsVisible = 0;
			defaultConfigurationName = Release;
		};
		0010EF192A744F36000E1098 /* Build configuration list for PBXNativeTarget "vertical-endeavorsTests" */ = {
			isa = XCConfigurationList;
			buildConfigurations = (
				0010EF1A2A744F36000E1098 /* Debug */,
				0010EF1B2A744F36000E1098 /* Release */,
			);
			defaultConfigurationIsVisible = 0;
			defaultConfigurationName = Release;
		};
		0010EF1C2A744F36000E1098 /* Build configuration list for PBXNativeTarget "vertical-endeavorsUITests" */ = {
			isa = XCConfigurationList;
			buildConfigurations = (
				0010EF1D2A744F36000E1098 /* Debug */,
				0010EF1E2A744F36000E1098 /* Release */,
			);
			defaultConfigurationIsVisible = 0;
			defaultConfigurationName = Release;
		};
/* End XCConfigurationList section */

/* Begin XCVersionGroup section */
		0010EEFB2A744F36000E1098 /* vertical_endeavors.xcdatamodeld */ = {
			isa = XCVersionGroup;
			children = (
				0010EEFC2A744F36000E1098 /* vertical_endeavors.xcdatamodel */,
			);
			currentVersion = 0010EEFC2A744F36000E1098 /* vertical_endeavors.xcdatamodel */;
			path = vertical_endeavors.xcdatamodeld;
			sourceTree = "<group>";
			versionGroupType = wrapper.xcdatamodel;
		};
/* End XCVersionGroup section */
	};
	rootObject = 0010EEE52A744F34000E1098 /* Project object */;
}
